
Microsoft Visual Studio Solution File, Format Version 12.00
# Visual Studio 15
VisualStudioVersion = 15.0.27428.2011
MinimumVisualStudioVersion = 10.0.40219.1
Project("{FAE04EC0-301F-11D3-BF4B-00C04F79EFBC}") = "LP_Messaging_App", "LP_Messaging_App\LP_Messaging_App.csproj", "{21634B19-7643-49C0-83FE-ED643395165C}"
EndProject
Project("{FAE04EC0-301F-11D3-BF4B-00C04F79EFBC}") = "LP_Android_aar_Binding", "LP_Android_aar_Binding\LP_Android_aar_Binding.csproj", "{C2028559-6955-4E2D-B2C3-28454C4BECCA}"
EndProject
Global
	GlobalSection(SolutionConfigurationPlatforms) = preSolution
		Debug|Any CPU = Debug|Any CPU
		Release|Any CPU = Release|Any CPU
	EndGlobalSection
	GlobalSection(ProjectConfigurationPlatforms) = postSolution
		{21634B19-7643-49C0-83FE-ED643395165C}.Debug|Any CPU.ActiveCfg = Debug|Any CPU
		{21634B19-7643-49C0-83FE-ED643395165C}.Debug|Any CPU.Build.0 = Debug|Any CPU
		{21634B19-7643-49C0-83FE-ED643395165C}.Debug|Any CPU.Deploy.0 = Debug|Any CPU
		{21634B19-7643-49C0-83FE-ED643395165C}.Release|Any CPU.ActiveCfg = Release|Any CPU
		{21634B19-7643-49C0-83FE-ED643395165C}.Release|Any CPU.Build.0 = Release|Any CPU
		{21634B19-7643-49C0-83FE-ED643395165C}.Release|Any CPU.Deploy.0 = Release|Any CPU
		{C2028559-6955-4E2D-B2C3-28454C4BECCA}.Debug|Any CPU.ActiveCfg = Debug|Any CPU
		{C2028559-6955-4E2D-B2C3-28454C4BECCA}.Debug|Any CPU.Build.0 = Debug|Any CPU
		{C2028559-6955-4E2D-B2C3-28454C4BECCA}.Release|Any CPU.ActiveCfg = Release|Any CPU
		{C2028559-6955-4E2D-B2C3-28454C4BECCA}.Release|Any CPU.Build.0 = Release|Any CPU
	EndGlobalSection
	GlobalSection(SolutionProperties) = preSolution
		HideSolutionNode = FALSE
	EndGlobalSection
	GlobalSection(ExtensibilityGlobals) = postSolution
		SolutionGuid = {E1B025FF-9192-4F02-8959-3A6840ED519A}
	EndGlobalSection
EndGlobal
